github.com/davecgh/go-spew v1.1.0/go.mod h1:J7Y8YcW2NihsgmVo/mv3lAwl/skON4iLHjSsI+c5H8=
github.com/davecgh/go-spew v1.1.1 h1:vj9j/u1bqnvCEfJOwUGvLyY3oZQx16PrplzHCnDE4zM=
github.com/davecgh/go-spew v1.1.1/go.mod h1:J7Y8YcW2NihsgmVo/mv3lAwl/skON4iLHjSsI+c5H8=
github.com/google/go-cmp v0.5.9 h1:O2Tfq5qg4qc4AmwVlvv0oLiVAGB7enBSJ2x2DqQFi38=
github.com/google/go-cmp v0.5.9/go.mod h1:17dUlkBOakJ0+DkrSSNjCkIjxS6bF9zb3elmeNGIjoY=
github.com/gruntwork-io/terratest v0.47.0 h1:lV1JtFJb4D18cFA9R6yYpy5D8FhT7O3GqgHQZRqJHY=
github.com/gruntwork-io/terratest v0.47.0/go.mod h1:7fFFYvyT8c9Nk1UFFGbjTC7GRbDyGz8o4SEvN7YpTOc=
github.com/hashicorp/errwrap v1.0.0 h1:blrIyQ5GxiyR2z4ZDDfEfQhT+ocPhAtQ7H8ATVT2R0c=
github.com/hashicorp/errwrap v1.0.0/go.mod h1:Y2+4sQdlZ1SKhL+JtWq2R6sZ7sT2qJ3YqMUND8c=
github.com/hashicorp/go-getter v1.7.8 h1:Z1IotQ3C3kNqEaTxPp3Yoye7M6F3nUeqN5v6YvZTNw=
github.com/hashicorp/go-getter v1.7.8/go.mod h1:B3VTrxR1qv5d0+UKvN3glDFrJBrNXu6F6K5I5F5S1w=
github.com/hashicorp/go-multierror v1.1.1 h1:5QbaK7L2s2Hl/Z4x1M5+Mq3fC3BsvM7F4q7R5XVCxw=
github.com/hashicorp/go-multierror v1.1.1/go.mod h1:oUm8yKz9YJ3L6x88bRMLiRKNHTT7wnJz4N/V2V7F3s=
github.com/hashicorp/go-version v1.6.0 h1:3MPvL4E3bQqZ6D9/E7N6F3VD6b6jZX6m3A7KjQ9F7M=
github.com/hashicorp/go-version v1.6.0/go.mod h1:fltr4n8CU8Ke44TTGCpvkU4K8h8+p8otm1J4mu208F0=
github.com/jmespath/go-jmespath v0.4.0 h1:OS12ieG61fsCg5+qLJ+SsW9NicxNkg3b25OyT2yCeU=
github.com/jmespath/go-jmespath v0.4.0/go.mod h1:T9mRWnK4al8Hi+0fkFryMP+8X0NsgaY4ND4w3GNLQE=
github.com/mattn/go-zglob v0.0.4 h1:pfMsbPcd+dFzGqF4PnTM4hWLDl5F9cfZ2knhT1Y0lA=
github.com/mattn/go-zglob v0.0.4/go.mod h1:Kdeari6hPIgic4tXo5mT8I2A3hL3T6ftT9T4byL6fE=
github.com/pmezard/go-difflib v1.0.0 h1:4DBwDE0NGyQoBHbLQYPwSUPoCMWR5BEzIk/f1lZbAQM=
github.com/pmezard/go-difflib v1.0.0/go.mod h1:iKH77koFhYxTK1pcRnkKkqfTogsbg7gZNVY4sRDYZ/4=
github.com/stretchr/objx v0.1.0/go.mod h1:HFkY916IF+rwdDfMAkV7OtwuqBVzrE8GR6GFx+wExME=
github.com/stretchr/objx v0.4.0/go.mod h1:YvHI0jy2hoMjB+UWwv71VJQ9isScKT/TqJzVSSt89Yw=
github.com/stretchr/objx v0.5.0/go.mod h1:Yh+to48EsGEfYuaHDzXPcE3xhTkx73EhmCGUpEOglKo=
github.com/stretchr/testify v1.7.1/go.mod h1:6Fq8oRcR53rry900zMqJjRRixrwX3KX962/h/Wwjteg=
github.com/stretchr/testify v1.8.0/go.mod h1:yNjHg4UonilssWZ8iaSj1OCr/vHnekPRkoO+kdMU+MU=
github.com/stretchr/testify v1.8.4/go.mod h1:sz/lmYIOXD/1dqDmKjjqLyZ2RngseejIcXlSw2iwfAo=
github.com/stretchr/testify v1.9.0 h1:HtqpIVdClZSxMQrN1dkBNQ/CW0c3tY3PlT3S7klPBc=
github.com/stretchr/testify v1.9.0/go.mod h1:enBInE4oN93E11V+eQ/LMAC3+bK/mMIW4J7E2o2Gk0=
github.com/ultradns/terratest-utils v0.0.0-20221018060401-37473a54ea2c h1:Lm4nC5xNL3DdbE5lT4p7vVWMg1LvGU9XLVdL4U63oQ=
github.com/ultradns/terratest-utils v0.0.0-20221018060401-37473a54ea2c/go.mod h1:RMhnjWqP9L3eXXtPmN9q3zW8vK/kviGF6lPOEQE0i4=
github.com/zclconf/go-cty v1.13.0 h1:aq0fC6z2kF9lTqZ8PeP9BvFsmYH4aGL9gP4gvMmGQE=
github.com/zclconf/go-cty v1.13.0/go.mod h1:YKAGQ9GkzK7I/rmeR1wj/ZoJeSkE9MhOqMq2c2i7XQ=
golang.org/x/crypto v0.17.0 h1:r8bRNjWL3GshPW3gkd+RpvzWrZAwPS49OmTGZ/uhM4k=
golang.org/x/crypto v0.17.0/go.mod h1:gCAAfMLgwOJRpTjQ2zCCt2OcSfYMTeZVSRtQlPC7Nq4=
golang.org/x/net v0.19.0 h1:7eajm5UVJ9yX/LS9+lvM9Y1oM3uqR2X5M8MVv5O4EM=
golang.org/x/net v0.19.0/go.mod h1:MBQ8lrhLObU/6UmLb4fmbmk5OcyYmqtbGd/9yIeKjEE=
golang.org/x/sys v0.15.0 h1:h48lPFYpsTvQJZF4VKKnlVbXiizd9DjXA+aBqKyGPNI=
golang.org/x/sys v0.15.0/go.mod h1:/VUhepiaJMQUp4+27sMBQ3bf/h7/x2x/6yIMjQ2yPEE=
golang.org/x/text v0.14.0 h1:ScX5w1eTa3QqT8oi6+ziP7dTV1S2+ALU0bI+0zXKWiQ=
golang.org/x/text v0.14.0/go.mod h1:18ZOQIKpY8NJVqYksKHtTdi31H5itFRjB5/qKTNYzSU=
golang.org/x/tools v0.16.1 h1:W4OVu8VVOaIO0yzWMNdepAulS7YfoS3Zabrm8DOCE=
golang.org/x/tools v0.16.1/go.mod h1:x3WQV8TqXirYMYK3D3F6lGqD3bLZ0N5a5lG4i2pjYZU=
gopkg.in/yaml.v3 v3.0.0-20200313102051-9f266ea9e77c/go.mod h1:K4uyk7z7BCEPqu6E+C64Yfv1cQ7kz7rIZviUmN+EgEM=
gopkg.in/yaml.v3 v3.0.1 h1:fxVm/GzAzEWqLHuvctI91KS9hhNmmWOoWu0XTYJS7CA=
gopkg.in/yaml.v3 v3.0.1/go.mod h1:K4uyk7z7BCEPqu6E+C64Yfv1cQ7kz7rIZviUmN+EgEM=
